
Microsoft Visual Studio Solution File, Format Version 12.00
# Visual Studio Version 17
VisualStudioVersion = 17.10.35004.147
MinimumVisualStudioVersion = 10.0.40219.1
Project("{FAE04EC0-301F-11D3-BF4B-00C04F79EFBC}") = "TimeToSell", "TimeToSell\TimeToSell.csproj", "{F9946F24-CB77-449B-9E55-D040D0965F40}"
EndProject
Global
	GlobalSection(SolutionConfigurationPlatforms) = preSolution
		Debug|Any CPU = Debug|Any CPU
		Release|Any CPU = Release|Any CPU
	EndGlobalSection
	GlobalSection(ProjectConfigurationPlatforms) = postSolution
		{F9946F24-CB77-449B-9E55-D040D0965F40}.Debug|Any CPU.ActiveCfg = Debug|Any CPU
		{F9946F24-CB77-449B-9E55-D040D0965F40}.Debug|Any CPU.Build.0 = Debug|Any CPU
		{F9946F24-CB77-449B-9E55-D040D0965F40}.Release|Any CPU.ActiveCfg = Release|Any CPU
		{F9946F24-CB77-449B-9E55-D040D0965F40}.Release|Any CPU.Build.0 = Release|Any CPU
	EndGlobalSection
	GlobalSection(SolutionProperties) = preSolution
		HideSolutionNode = FALSE
	EndGlobalSection
	GlobalSection(ExtensibilityGlobals) = postSolution
		SolutionGuid = {481C0617-C013-4266-9409-FD6397E7979A}
	EndGlobalSection
EndGlobal
